// !$*UTF8*$!
{
	archiveVersion = 1;
	classes = {
	};
	objectVersion = 50;
	objects = {

/* Begin PBXBuildFile section */
		520F384E21228F100081B956 /* AppDelegate.swift in Sources */ = {isa = PBXBuildFile; fileRef = 520F384D21228F100081B956 /* AppDelegate.swift */; };
		520F385021228F100081B956 /* ViewController.swift in Sources */ = {isa = PBXBuildFile; fileRef = 520F384F21228F100081B956 /* ViewController.swift */; };
		520F385321228F100081B956 /* Main.storyboard in Resources */ = {isa = PBXBuildFile; fileRef = 520F385121228F100081B956 /* Main.storyboard */; };
		520F385521228F110081B956 /* Assets.xcassets in Resources */ = {isa = PBXBuildFile; fileRef = 520F385421228F110081B956 /* Assets.xcassets */; };
		520F385821228F110081B956 /* LaunchScreen.storyboard in Resources */ = {isa = PBXBuildFile; fileRef = 520F385621228F110081B956 /* LaunchScreen.storyboard */; };
		520F3871212292B40081B956 /* TestImage.swift in Sources */ = {isa = PBXBuildFile; fileRef = 520F386B212292B30081B956 /* TestImage.swift */; };
		520F3872212292B40081B956 /* TestText.swift in Sources */ = {isa = PBXBuildFile; fileRef = 520F386C212292B30081B956 /* TestText.swift */; };
		520F3873212292B40081B956 /* Widget.swift in Sources */ = {isa = PBXBuildFile; fileRef = 520F386D212292B30081B956 /* Widget.swift */; };
		520F3874212292B40081B956 /* Test.swift in Sources */ = {isa = PBXBuildFile; fileRef = 520F386E212292B40081B956 /* Test.swift */; };
		520F3875212292B40081B956 /* WindowsDataListItem.swift in Sources */ = {isa = PBXBuildFile; fileRef = 520F386F212292B40081B956 /* WindowsDataListItem.swift */; };
		520F3876212292B40081B956 /* WindowT.swift in Sources */ = {isa = PBXBuildFile; fileRef = 520F3870212292B40081B956 /* WindowT.swift */; };
		520F38852122999B0081B956 /* NSObjectExtensions.swift in Sources */ = {isa = PBXBuildFile; fileRef = 520F38822122999B0081B956 /* NSObjectExtensions.swift */; };
		520F38862122999B0081B956 /* PKHParser.swift in Sources */ = {isa = PBXBuildFile; fileRef = 520F38832122999B0081B956 /* PKHParser.swift */; };
		520F38872122999B0081B956 /* StringExtensions.swift in Sources */ = {isa = PBXBuildFile; fileRef = 520F38842122999B0081B956 /* StringExtensions.swift */; };
		520F3889212299A10081B956 /* README.md in Resources */ = {isa = PBXBuildFile; fileRef = 520F3888212299A10081B956 /* README.md */; };
/* End PBXBuildFile section */

/* Begin PBXFileReference section */
		520F384A21228F100081B956 /* Test.app */ = {isa = PBXFileReference; explicitFileType = wrapper.application; includeInIndex = 0; path = Test.app; sourceTree = BUILT_PRODUCTS_DIR; };
		520F384D21228F100081B956 /* AppDelegate.swift */ = {isa = PBXFileReference; lastKnownFileType = sourcecode.swift; path = AppDelegate.swift; sourceTree = "<group>"; };
		520F384F21228F100081B956 /* ViewController.swift */ = {isa = PBXFileReference; lastKnownFileType = sourcecode.swift; path = ViewController.swift; sourceTree = "<group>"; };
		520F385221228F100081B956 /* Base */ = {isa = PBXFileReference; lastKnownFileType = file.storyboard; name = Base; path = Base.lproj/Main.storyboard; sourceTree = "<group>"; };
		520F385421228F110081B956 /* Assets.xcassets */ = {isa = PBXFileReference; lastKnownFileType = folder.assetcatalog; path = Assets.xcassets; sourceTree = "<group>"; };
		520F385721228F110081B956 /* Base */ = {isa = PBXFileReference; lastKnownFileType = file.storyboard; name = Base; path = Base.lproj/LaunchScreen.storyboard; sourceTree = "<group>"; };
		520F385921228F110081B956 /* Info.plist */ = {isa = PBXFileReference; lastKnownFileType = text.plist.xml; path = Info.plist; sourceTree = "<group>"; };
		520F386B212292B30081B956 /* TestImage.swift */ = {isa = PBXFileReference; fileEncoding = 4; lastKnownFileType = sourcecode.swift; path = TestImage.swift; sourceTree = "<group>"; };
		520F386C212292B30081B956 /* TestText.swift */ = {isa = PBXFileReference; fileEncoding = 4; lastKnownFileType = sourcecode.swift; path = TestText.swift; sourceTree = "<group>"; };
		520F386D212292B30081B956 /* Widget.swift */ = {isa = PBXFileReference; fileEncoding = 4; lastKnownFileType = sourcecode.swift; path = Widget.swift; sourceTree = "<group>"; };
		520F386E212292B40081B956 /* Test.swift */ = {isa = PBXFileReference; fileEncoding = 4; lastKnownFileType = sourcecode.swift; path = Test.swift; sourceTree = "<group>"; };
		520F386F212292B40081B956 /* WindowsDataListItem.swift */ = {isa = PBXFileReference; fileEncoding = 4; lastKnownFileType = sourcecode.swift; path = WindowsDataListItem.swift; sourceTree = "<group>"; };
		520F3870212292B40081B956 /* WindowT.swift */ = {isa = PBXFileReference; fileEncoding = 4; lastKnownFileType = sourcecode.swift; path = WindowT.swift; sourceTree = "<group>"; };
		520F38822122999B0081B956 /* NSObjectExtensions.swift */ = {isa = PBXFileReference; fileEncoding = 4; lastKnownFileType = sourcecode.swift; path = NSObjectExtensions.swift; sourceTree = "<group>"; };
		520F38832122999B0081B956 /* PKHParser.swift */ = {isa = PBXFileReference; fileEncoding = 4; lastKnownFileType = sourcecode.swift; path = PKHParser.swift; sourceTree = "<group>"; };
		520F38842122999B0081B956 /* StringExtensions.swift */ = {isa = PBXFileReference; fileEncoding = 4; lastKnownFileType = sourcecode.swift; path = StringExtensions.swift; sourceTree = "<group>"; };
		520F3888212299A10081B956 /* README.md */ = {isa = PBXFileReference; fileEncoding = 4; lastKnownFileType = net.daringfireball.markdown; path = README.md; sourceTree = "<group>"; };
/* End PBXFileReference section */

/* Begin PBXFrameworksBuildPhase section */
		520F384721228F100081B956 /* Frameworks */ = {
			isa = PBXFrameworksBuildPhase;
			buildActionMask = 2147483647;
			files = (
			);
			runOnlyForDeploymentPostprocessing = 0;
		};
/* End PBXFrameworksBuildPhase section */

/* Begin PBXGroup section */
		520F384121228F100081B956 = {
			isa = PBXGroup;
			children = (
				520F3888212299A10081B956 /* README.md */,
				520F38812122999B0081B956 /* Class */,
				520F384C21228F100081B956 /* Test */,
				520F384B21228F100081B956 /* Products */,
			);
			sourceTree = "<group>";
		};
		520F384B21228F100081B956 /* Products */ = {
			isa = PBXGroup;
			children = (
				520F384A21228F100081B956 /* Test.app */,
			);
			name = Products;
			sourceTree = "<group>";
		};
		520F384C21228F100081B956 /* Test */ = {
			isa = PBXGroup;
			children = (
				520F386A212292A20081B956 /* TestClass */,
				520F384D21228F100081B956 /* AppDelegate.swift */,
				520F384F21228F100081B956 /* ViewController.swift */,
				520F385121228F100081B956 /* Main.storyboard */,
				520F385421228F110081B956 /* Assets.xcassets */,
				520F385621228F110081B956 /* LaunchScreen.storyboard */,
				520F385921228F110081B956 /* Info.plist */,
			);
			path = Test;
			sourceTree = "<group>";
		};
		520F386A212292A20081B956 /* TestClass */ = {
			isa = PBXGroup;
			children = (
				520F386E212292B40081B956 /* Test.swift */,
				520F386B212292B30081B956 /* TestImage.swift */,
				520F386C212292B30081B956 /* TestText.swift */,
				520F386D212292B30081B956 /* Widget.swift */,
				520F386F212292B40081B956 /* WindowsDataListItem.swift */,
				520F3870212292B40081B956 /* WindowT.swift */,
			);
			path = TestClass;
			sourceTree = "<group>";
		};
		520F38812122999B0081B956 /* Class */ = {
			isa = PBXGroup;
			children = (
				520F38832122999B0081B956 /* PKHParser.swift */,
				520F38822122999B0081B956 /* NSObjectExtensions.swift */,
				520F38842122999B0081B956 /* StringExtensions.swift */,
			);
			path = Class;
			sourceTree = "<group>";
		};
/* End PBXGroup section */

/* Begin PBXNativeTarget section */
		520F384921228F100081B956 /* Test */ = {
			isa = PBXNativeTarget;
			buildConfigurationList = 520F385C21228F110081B956 /* Build configuration list for PBXNativeTarget "Test" */;
			buildPhases = (
				520F384621228F100081B956 /* Sources */,
				520F384721228F100081B956 /* Frameworks */,
				520F384821228F100081B956 /* Resources */,
			);
			buildRules = (
			);
			dependencies = (
			);
			name = Test;
			productName = Test;
			productReference = 520F384A21228F100081B956 /* Test.app */;
			productType = "com.apple.product-type.application";
		};
/* End PBXNativeTarget section */

/* Begin PBXProject section */
		520F384221228F100081B956 /* Project object */ = {
			isa = PBXProject;
			attributes = {
				LastSwiftUpdateCheck = 0940;
				LastUpgradeCheck = 0940;
				ORGANIZATIONNAME = pkh;
				TargetAttributes = {
					520F384921228F100081B956 = {
						CreatedOnToolsVersion = 9.4.1;
					};
				};
			};
			buildConfigurationList = 520F384521228F100081B956 /* Build configuration list for PBXProject "PKHParser" */;
			compatibilityVersion = "Xcode 9.3";
			developmentRegion = en;
			hasScannedForEncodings = 0;
			knownRegions = (
				en,
				Base,
			);
			mainGroup = 520F384121228F100081B956;
			productRefGroup = 520F384B21228F100081B956 /* Products */;
			projectDirPath = "";
			projectRoot = "";
			targets = (
				520F384921228F100081B956 /* Test */,
			);
		};
/* End PBXProject section */

/* Begin PBXResourcesBuildPhase section */
		520F384821228F100081B956 /* Resources */ = {
			isa = PBXResourcesBuildPhase;
			buildActionMask = 2147483647;
			files = (
				520F385821228F110081B956 /* LaunchScreen.storyboard in Resources */,
				520F385521228F110081B956 /* Assets.xcassets in Resources */,
				520F3889212299A10081B956 /* README.md in Resources */,
				520F385321228F100081B956 /* Main.storyboard in Resources */,
			);
			runOnlyForDeploymentPostprocessing = 0;
		};
/* End PBXResourcesBuildPhase section */

/* Begin PBXSourcesBuildPhase section */
		520F384621228F100081B956 /* Sources */ = {
			isa = PBXSourcesBuildPhase;
			buildActionMask = 2147483647;
			files = (
				520F385021228F100081B956 /* ViewController.swift in Sources */,
				520F3871212292B40081B956 /* TestImage.swift in Sources */,
				520F3874212292B40081B956 /* Test.swift in Sources */,
				520F3873212292B40081B956 /* Widget.swift in Sources */,
				520F3875212292B40081B956 /* WindowsDataListItem.swift in Sources */,
				520F38852122999B0081B956 /* NSObjectExtensions.swift in Sources */,
				520F38872122999B0081B956 /* StringExtensions.swift in Sources */,
				520F384E21228F100081B956 /* AppDelegate.swift in Sources */,
				520F3876212292B40081B956 /* WindowT.swift in Sources */,
				520F38862122999B0081B956 /* PKHParser.swift in Sources */,
				520F3872212292B40081B956 /* TestText.swift in Sources */,
			);
			runOnlyForDeploymentPostprocessing = 0;
		};
/* End PBXSourcesBuildPhase section */

/* Begin PBXVariantGroup section */
		520F385121228F100081B956 /* Main.storyboard */ = {
			isa = PBXVariantGroup;
			children = (
				520F385221228F100081B956 /* Base */,
			);
			name = Main.storyboard;
			sourceTree = "<group>";
		};
		520F385621228F110081B956 /* LaunchScreen.storyboard */ = {
			isa = PBXVariantGroup;
			children = (
				520F385721228F110081B956 /* Base */,
			);
			name = LaunchScreen.storyboard;
			sourceTree = "<group>";
		};
/* End PBXVariantGroup section */

/* Begin XCBuildConfiguration section */
		520F385A21228F110081B956 /* Debug */ = {
			isa = XCBuildConfiguration;
			buildSettings = {
				ALWAYS_SEARCH_USER_PATHS = NO;
				CLANG_ANALYZER_NONNULL = YES;
				CLANG_ANALYZER_NUMBER_OBJECT_CONVERSION = YES_AGGRESSIVE;
				CLANG_CXX_LANGUAGE_STANDARD = "gnu++14";
				CLANG_CXX_LIBRARY = "libc++";
				CLANG_ENABLE_MODULES = YES;
				CLANG_ENABLE_OBJC_ARC = YES;
				CLANG_ENABLE_OBJC_WEAK = YES;
				CLANG_WARN_BLOCK_CAPTURE_AUTORELEASING = YES;
				CLANG_WARN_BOOL_CONVERSION = YES;
				CLANG_WARN_COMMA = YES;
				CLANG_WARN_CONSTANT_CONVERSION = YES;
				CLANG_WARN_DEPRECATED_OBJC_IMPLEMENTATIONS = YES;
				CLANG_WARN_DIRECT_OBJC_ISA_USAGE = YES_ERROR;
				CLANG_WARN_DOCUMENTATION_COMMENTS = YES;
				CLANG_WARN_EMPTY_BODY = YES;
				CLANG_WARN_ENUM_CONVERSION = YES;
				CLANG_WARN_INFINITE_RECURSION = YES;
				CLANG_WARN_INT_CONVERSION = YES;
				CLANG_WARN_NON_LITERAL_NULL_CONVERSION = YES;
				CLANG_WARN_OBJC_IMPLICIT_RETAIN_SELF = YES;
				CLANG_WARN_OBJC_LITERAL_CONVERSION = YES;
				CLANG_WARN_OBJC_ROOT_CLASS = YES_ERROR;
				CLANG_WARN_RANGE_LOOP_ANALYSIS = YES;
				CLANG_WARN_STRICT_PROTOTYPES = YES;
				CLANG_WARN_SUSPICIOUS_MOVE = YES;
				CLANG_WARN_UNGUARDED_AVAILABILITY = YES_AGGRESSIVE;
				CLANG_WARN_UNREACHABLE_CODE = YES;
				CLANG_WARN__DUPLICATE_METHOD_MATCH = YES;
				CODE_SIGN_IDENTITY = "iPhone Developer";
				COPY_PHASE_STRIP = NO;
				DEBUG_INFORMATION_FORMAT = dwarf;
				ENABLE_STRICT_OBJC_MSGSEND = YES;
				ENABLE_TESTABILITY = YES;
				GCC_C_LANGUAGE_STANDARD = gnu11;
				GCC_DYNAMIC_NO_PIC = NO;
				GCC_NO_COMMON_BLOCKS = YES;
				GCC_OPTIMIZATION_LEVEL = 0;
				GCC_PREPROCESSOR_DEFINITIONS = (
					"DEBUG=1",
					"$(inherited)",
				);
				GCC_WARN_64_TO_32_BIT_CONVERSION = YES;
				GCC_WARN_ABOUT_RETURN_TYPE = YES_ERROR;
				GCC_WARN_UNDECLARED_SELECTOR = YES;
				GCC_WARN_UNINITIALIZED_AUTOS = YES_AGGRESSIVE;
				GCC_WARN_UNUSED_FUNCTION = YES;
				GCC_WARN_UNUSED_VARIABLE = YES;
				IPHONEOS_DEPLOYMENT_TARGET = 11.4;
				MTL_ENABLE_DEBUG_INFO = YES;
				ONLY_ACTIVE_ARCH = YES;
				SDKROOT = iphoneos;
				SWIFT_ACTIVE_COMPILATION_CONDITIONS = DEBUG;
				SWIFT_OPTIMIZATION_LEVEL = "-Onone";
			};
			name = Debug;
		};
		520F385B21228F110081B956 /* Release */ = {
			isa = XCBuildConfiguration;
			buildSettings = {
				ALWAYS_SEARCH_USER_PATHS = NO;
				CLANG_ANALYZER_NONNULL = YES;
				CLANG_ANALYZER_NUMBER_OBJECT_CONVERSION = YES_AGGRESSIVE;
				CLANG_CXX_LANGUAGE_STANDARD = "gnu++14";
				CLANG_CXX_LIBRARY = "libc++";
				CLANG_ENABLE_MODULES = YES;
				CLANG_ENABLE_OBJC_ARC = YES;
				CLANG_ENABLE_OBJC_WEAK = YES;
				CLANG_WARN_BLOCK_CAPTURE_AUTORELEASING = YES;
				CLANG_WARN_BOOL_CONVERSION = YES;
				CLANG_WARN_COMMA = YES;
				CLANG_WARN_CONSTANT_CONVERSION = YES;
				CLANG_WARN_DEPRECATED_OBJC_IMPLEMENTATIONS = YES;
				CLANG_WARN_DIRECT_OBJC_ISA_USAGE = YES_ERROR;
				CLANG_WARN_DOCUMENTATION_COMMENTS = YES;
				CLANG_WARN_EMPTY_BODY = YES;
				CLANG_WARN_ENUM_CONVERSION = YES;
				CLANG_WARN_INFINITE_RECURSION = YES;
				CLANG_WARN_INT_CONVERSION = YES;
				CLANG_WARN_NON_LITERAL_NULL_CONVERSION = YES;
				CLANG_WARN_OBJC_IMPLICIT_RETAIN_SELF = YES;
				CLANG_WARN_OBJC_LITERAL_CONVERSION = YES;
				CLANG_WARN_OBJC_ROOT_CLASS = YES_ERROR;
				CLANG_WARN_RANGE_LOOP_ANALYSIS = YES;
				CLANG_WARN_STRICT_PROTOTYPES = YES;
				CLANG_WARN_SUSPICIOUS_MOVE = YES;
				CLANG_WARN_UNGUARDED_AVAILABILITY = YES_AGGRESSIVE;
				CLANG_WARN_UNREACHABLE_CODE = YES;
				CLANG_WARN__DUPLICATE_METHOD_MATCH = YES;
				CODE_SIGN_IDENTITY = "iPhone Developer";
				COPY_PHASE_STRIP = NO;
				DEBUG_INFORMATION_FORMAT = "dwarf-with-dsym";
				ENABLE_NS_ASSERTIONS = NO;
				ENABLE_STRICT_OBJC_MSGSEND = YES;
				GCC_C_LANGUAGE_STANDARD = gnu11;
				GCC_NO_COMMON_BLOCKS = YES;
				GCC_WARN_64_TO_32_BIT_CONVERSION = YES;
				GCC_WARN_ABOUT_RETURN_TYPE = YES_ERROR;
				GCC_WARN_UNDECLARED_SELECTOR = YES;
				GCC_WARN_UNINITIALIZED_AUTOS = YES_AGGRESSIVE;
				GCC_WARN_UNUSED_FUNCTION = YES;
				GCC_WARN_UNUSED_VARIABLE = YES;
				IPHONEOS_DEPLOYMENT_TARGET = 11.4;
				MTL_ENABLE_DEBUG_INFO = NO;
				SDKROOT = iphoneos;
				SWIFT_COMPILATION_MODE = wholemodule;
				SWIFT_OPTIMIZATION_LEVEL = "-O";
				VALIDATE_PRODUCT = YES;
			};
			name = Release;
		};
		520F385D21228F110081B956 /* Debug */ = {
			isa = XCBuildConfiguration;
			buildSettings = {
				ASSETCATALOG_COMPILER_APPICON_NAME = AppIcon;
				CODE_SIGN_IDENTITY = "iPhone Developer";
				CODE_SIGN_STYLE = Automatic;
				DEVELOPMENT_TEAM = "";
				INFOPLIST_FILE = Test/Info.plist;
				LD_RUNPATH_SEARCH_PATHS = (
					"$(inherited)",
					"@executable_path/Frameworks",
				);
				PRODUCT_BUNDLE_IDENTIFIER = Test.Test;
				PRODUCT_NAME = "$(TARGET_NAME)";
				PROVISIONING_PROFILE_SPECIFIER = "";
				SWIFT_VERSION = 4.0;
				TARGETED_DEVICE_FAMILY = "1,2";
			};
			name = Debug;
		};
		520F385E21228F110081B956 /* Release */ = {
			isa = XCBuildConfiguration;
			buildSettings = {
				ASSETCATALOG_COMPILER_APPICON_NAME = AppIcon;
				CODE_SIGN_IDENTITY = "iPhone Developer";
				CODE_SIGN_STYLE = Automatic;
				DEVELOPMENT_TEAM = "";
				INFOPLIST_FILE = Test/Info.plist;
				LD_RUNPATH_SEARCH_PATHS = (
					"$(inherited)",
					"@executable_path/Frameworks",
				);
				PRODUCT_BUNDLE_IDENTIFIER = Test.Test;
				PRODUCT_NAME = "$(TARGET_NAME)";
				PROVISIONING_PROFILE_SPECIFIER = "";
				SWIFT_VERSION = 4.0;
				TARGETED_DEVICE_FAMILY = "1,2";
			};
			name = Release;
		};
/* End XCBuildConfiguration section */

/* Begin XCConfigurationList section */
		520F384521228F100081B956 /* Build configuration list for PBXProject "PKHParser" */ = {
			isa = XCConfigurationList;
			buildConfigurations = (
				520F385A21228F110081B956 /* Debug */,
				520F385B21228F110081B956 /* Release */,
			);
			defaultConfigurationIsVisible = 0;
			defaultConfigurationName = Release;
		};
		520F385C21228F110081B956 /* Build configuration list for PBXNativeTarget "Test" */ = {
			isa = XCConfigurationList;
			buildConfigurations = (
				520F385D21228F110081B956 /* Debug */,
				520F385E21228F110081B956 /* Release */,
			);
			defaultConfigurationIsVisible = 0;
			defaultConfigurationName = Release;
		};
/* End XCConfigurationList section */
	};
	rootObject = 520F384221228F100081B956 /* Project object */;
}
